
Microsoft Visual Studio Solution File, Format Version 12.00
# Visual Studio Version 17
VisualStudioVersion = 17.13.35828.75 d17.13
MinimumVisualStudioVersion = 10.0.40219.1
Project("{FAE04EC0-301F-11D3-BF4B-00C04F79EFBC}") = "BookAuthorEditor", "BookAuthorEditor.csproj", "{CFE8B90E-2519-4AD2-85BE-5B00562169F3}"
EndProject
Global
	GlobalSection(SolutionConfigurationPlatforms) = preSolution
		Debug|Any CPU = Debug|Any CPU
		Release|Any CPU = Release|Any CPU
	EndGlobalSection
	GlobalSection(ProjectConfigurationPlatforms) = postSolution
		{CFE8B90E-2519-4AD2-85BE-5B00562169F3}.Debug|Any CPU.ActiveCfg = Debug|Any CPU
		{CFE8B90E-2519-4AD2-85BE-5B00562169F3}.Debug|Any CPU.Build.0 = Debug|Any CPU
		{CFE8B90E-2519-4AD2-85BE-5B00562169F3}.Release|Any CPU.ActiveCfg = Release|Any CPU
		{CFE8B90E-2519-4AD2-85BE-5B00562169F3}.Release|Any CPU.Build.0 = Release|Any CPU
	EndGlobalSection
	GlobalSection(SolutionProperties) = preSolution
		HideSolutionNode = FALSE
	EndGlobalSection
	GlobalSection(ExtensibilityGlobals) = postSolution
		SolutionGuid = {C9505695-2987-461E-906B-9B04FDA71B2B}
	EndGlobalSection
EndGlobal
